// !$*UTF8*$!
{
	archiveVersion = 1;
	classes = {
	};
	objectVersion = 46;
	objects = {

/* Begin PBXBuildFile section */
		AE1989BD1A60476400AAA938 /* AppDelegate.swift in Sources */ = {isa = PBXBuildFile; fileRef = AE1989BC1A60476400AAA938 /* AppDelegate.swift */; };
		AE1989BF1A60476400AAA938 /* ViewController.swift in Sources */ = {isa = PBXBuildFile; fileRef = AE1989BE1A60476400AAA938 /* ViewController.swift */; };
		AE1989C21A60476400AAA938 /* Main.storyboard in Resources */ = {isa = PBXBuildFile; fileRef = AE1989C01A60476400AAA938 /* Main.storyboard */; };
		AE1989C41A60476400AAA938 /* Images.xcassets in Resources */ = {isa = PBXBuildFile; fileRef = AE1989C31A60476400AAA938 /* Images.xcassets */; };
		AE1989C71A60476400AAA938 /* LaunchScreen.xib in Resources */ = {isa = PBXBuildFile; fileRef = AE1989C51A60476400AAA938 /* LaunchScreen.xib */; };
		AE1989D31A60476400AAA938 /* BlogSplitScreenScrollTests.swift in Sources */ = {isa = PBXBuildFile; fileRef = AE1989D21A60476400AAA938 /* BlogSplitScreenScrollTests.swift */; };
/* End PBXBuildFile section */

/* Begin PBXContainerItemProxy section */
		AE1989CD1A60476400AAA938 /* PBXContainerItemProxy */ = {
			isa = PBXContainerItemProxy;
			containerPortal = AE1989AF1A60476400AAA938 /* Project object */;
			proxyType = 1;
			remoteGlobalIDString = AE1989B61A60476400AAA938;
			remoteInfo = BlogSplitScreenScroll;
		};
/* End PBXContainerItemProxy section */

/* Begin PBXFileReference section */
		AE1989B71A60476400AAA938 /* BlogSplitScreenScroll.app */ = {isa = PBXFileReference; explicitFileType = wrapper.application; includeInIndex = 0; path = BlogSplitScreenScroll.app; sourceTree = BUILT_PRODUCTS_DIR; };
		AE1989BB1A60476400AAA938 /* Info.plist */ = {isa = PBXFileReference; lastKnownFileType = text.plist.xml; path = Info.plist; sourceTree = "<group>"; };
		AE1989BC1A60476400AAA938 /* AppDelegate.swift */ = {isa = PBXFileReference; lastKnownFileType = sourcecode.swift; path = AppDelegate.swift; sourceTree = "<group>"; };
		AE1989BE1A60476400AAA938 /* ViewController.swift */ = {isa = PBXFileReference; lastKnownFileType = sourcecode.swift; path = ViewController.swift; sourceTree = "<group>"; };
		AE1989C11A60476400AAA938 /* Base */ = {isa = PBXFileReference; lastKnownFileType = file.storyboard; name = Base; path = Base.lproj/Main.storyboard; sourceTree = "<group>"; };
		AE1989C31A60476400AAA938 /* Images.xcassets */ = {isa = PBXFileReference; lastKnownFileType = folder.assetcatalog; path = Images.xcassets; sourceTree = "<group>"; };
		AE1989C61A60476400AAA938 /* Base */ = {isa = PBXFileReference; lastKnownFileType = file.xib; name = Base; path = Base.lproj/LaunchScreen.xib; sourceTree = "<group>"; };
		AE1989CC1A60476400AAA938 /* BlogSplitScreenScrollTests.xctest */ = {isa = PBXFileReference; explicitFileType = wrapper.cfbundle; includeInIndex = 0; path = BlogSplitScreenScrollTests.xctest; sourceTree = BUILT_PRODUCTS_DIR; };
		AE1989D11A60476400AAA938 /* Info.plist */ = {isa = PBXFileReference; lastKnownFileType = text.plist.xml; path = Info.plist; sourceTree = "<group>"; };
		AE1989D21A60476400AAA938 /* BlogSplitScreenScrollTests.swift */ = {isa = PBXFileReference; lastKnownFileType = sourcecode.swift; path = BlogSplitScreenScrollTests.swift; sourceTree = "<group>"; };
/* End PBXFileReference section */

/* Begin PBXFrameworksBuildPhase section */
		AE1989B41A60476400AAA938 /* Frameworks */ = {
			isa = PBXFrameworksBuildPhase;
			buildActionMask = 2147483647;
			files = (
			);
			runOnlyForDeploymentPostprocessing = 0;
		};
		AE1989C91A60476400AAA938 /* Frameworks */ = {
			isa = PBXFrameworksBuildPhase;
			buildActionMask = 2147483647;
			files = (
			);
			runOnlyForDeploymentPostprocessing = 0;
		};
/* End PBXFrameworksBuildPhase section */

/* Begin PBXGroup section */
		AE1989AE1A60476400AAA938 = {
			isa = PBXGroup;
			children = (
				AE1989B91A60476400AAA938 /* BlogSplitScreenScroll */,
				AE1989CF1A60476400AAA938 /* BlogSplitScreenScrollTests */,
				AE1989B81A60476400AAA938 /* Products */,
			);
			sourceTree = "<group>";
		};
		AE1989B81A60476400AAA938 /* Products */ = {
			isa = PBXGroup;
			children = (
				AE1989B71A60476400AAA938 /* BlogSplitScreenScroll.app */,
				AE1989CC1A60476400AAA938 /* BlogSplitScreenScrollTests.xctest */,
			);
			name = Products;
			sourceTree = "<group>";
		};
		AE1989B91A60476400AAA938 /* BlogSplitScreenScroll */ = {
			isa = PBXGroup;
			children = (
				AE1989BC1A60476400AAA938 /* AppDelegate.swift */,
				AE1989BE1A60476400AAA938 /* ViewController.swift */,
				AE1989C01A60476400AAA938 /* Main.storyboard */,
				AE1989C31A60476400AAA938 /* Images.xcassets */,
				AE1989C51A60476400AAA938 /* LaunchScreen.xib */,
				AE1989BA1A60476400AAA938 /* Supporting Files */,
			);
			path = BlogSplitScreenScroll;
			sourceTree = "<group>";
		};
		AE1989BA1A60476400AAA938 /* Supporting Files */ = {
			isa = PBXGroup;
			children = (
				AE1989BB1A60476400AAA938 /* Info.plist */,
			);
			name = "Supporting Files";
			sourceTree = "<group>";
		};
		AE1989CF1A60476400AAA938 /* BlogSplitScreenScrollTests */ = {
			isa = PBXGroup;
			children = (
				AE1989D21A60476400AAA938 /* BlogSplitScreenScrollTests.swift */,
				AE1989D01A60476400AAA938 /* Supporting Files */,
			);
			path = BlogSplitScreenScrollTests;
			sourceTree = "<group>";
		};
		AE1989D01A60476400AAA938 /* Supporting Files */ = {
			isa = PBXGroup;
			children = (
				AE1989D11A60476400AAA938 /* Info.plist */,
			);
			name = "Supporting Files";
			sourceTree = "<group>";
		};
/* End PBXGroup section */

/* Begin PBXNativeTarget section */
		AE1989B61A60476400AAA938 /* BlogSplitScreenScroll */ = {
			isa = PBXNativeTarget;
			buildConfigurationList = AE1989D61A60476400AAA938 /* Build configuration list for PBXNativeTarget "BlogSplitScreenScroll" */;
			buildPhases = (
				AE1989B31A60476400AAA938 /* Sources */,
				AE1989B41A60476400AAA938 /* Frameworks */,
				AE1989B51A60476400AAA938 /* Resources */,
			);
			buildRules = (
			);
			dependencies = (
			);
			name = BlogSplitScreenScroll;
			productName = BlogSplitScreenScroll;
			productReference = AE1989B71A60476400AAA938 /* BlogSplitScreenScroll.app */;
			productType = "com.apple.product-type.application";
		};
		AE1989CB1A60476400AAA938 /* BlogSplitScreenScrollTests */ = {
			isa = PBXNativeTarget;
			buildConfigurationList = AE1989D91A60476400AAA938 /* Build configuration list for PBXNativeTarget "BlogSplitScreenScrollTests" */;
			buildPhases = (
				AE1989C81A60476400AAA938 /* Sources */,
				AE1989C91A60476400AAA938 /* Frameworks */,
				AE1989CA1A60476400AAA938 /* Resources */,
			);
			buildRules = (
			);
			dependencies = (
				AE1989CE1A60476400AAA938 /* PBXTargetDependency */,
			);
			name = BlogSplitScreenScrollTests;
			productName = BlogSplitScreenScrollTests;
			productReference = AE1989CC1A60476400AAA938 /* BlogSplitScreenScrollTests.xctest */;
			productType = "com.apple.product-type.bundle.unit-test";
		};
/* End PBXNativeTarget section */

/* Begin PBXProject section */
		AE1989AF1A60476400AAA938 /* Project object */ = {
			isa = PBXProject;
			attributes = {
				LastUpgradeCheck = 0610;
				ORGANIZATIONNAME = MSCline;
				TargetAttributes = {
					AE1989B61A60476400AAA938 = {
						CreatedOnToolsVersion = 6.1.1;
					};
					AE1989CB1A60476400AAA938 = {
						CreatedOnToolsVersion = 6.1.1;
						TestTargetID = AE1989B61A60476400AAA938;
					};
				};
			};
			buildConfigurationList = AE1989B21A60476400AAA938 /* Build configuration list for PBXProject "BlogSplitScreenScroll" */;
			compatibilityVersion = "Xcode 3.2";
			developmentRegion = English;
			hasScannedForEncodings = 0;
			knownRegions = (
				en,
				Base,
			);
			mainGroup = AE1989AE1A60476400AAA938;
			productRefGroup = AE1989B81A60476400AAA938 /* Products */;
			projectDirPath = "";
			projectRoot = "";
			targets = (
				AE1989B61A60476400AAA938 /* BlogSplitScreenScroll */,
				AE1989CB1A60476400AAA938 /* BlogSplitScreenScrollTests */,
			);
		};
/* End PBXProject section */

/* Begin PBXResourcesBuildPhase section */
		AE1989B51A60476400AAA938 /* Resources */ = {
			isa = PBXResourcesBuildPhase;
			buildActionMask = 2147483647;
			files = (
				AE1989C21A60476400AAA938 /* Main.storyboard in Resources */,
				AE1989C71A60476400AAA938 /* LaunchScreen.xib in Resources */,
				AE1989C41A60476400AAA938 /* Images.xcassets in Resources */,
			);
			runOnlyForDeploymentPostprocessing = 0;
		};
		AE1989CA1A60476400AAA938 /* Resources */ = {
			isa = PBXResourcesBuildPhase;
			buildActionMask = 2147483647;
			files = (
			);
			runOnlyForDeploymentPostprocessing = 0;
		};
/* End PBXResourcesBuildPhase section */

/* Begin PBXSourcesBuildPhase section */
		AE1989B31A60476400AAA938 /* Sources */ = {
			isa = PBXSourcesBuildPhase;
			buildActionMask = 2147483647;
			files = (
				AE1989BF1A60476400AAA938 /* ViewController.swift in Sources */,
				AE1989BD1A60476400AAA938 /* AppDelegate.swift in Sources */,
			);
			runOnlyForDeploymentPostprocessing = 0;
		};
		AE1989C81A60476400AAA938 /* Sources */ = {
			isa = PBXSourcesBuildPhase;
			buildActionMask = 2147483647;
			files = (
				AE1989D31A60476400AAA938 /* BlogSplitScreenScrollTests.swift in Sources */,
			);
			runOnlyForDeploymentPostprocessing = 0;
		};
/* End PBXSourcesBuildPhase section */

/* Begin PBXTargetDependency section */
		AE1989CE1A60476400AAA938 /* PBXTargetDependency */ = {
			isa = PBXTargetDependency;
			target = AE1989B61A60476400AAA938 /* BlogSplitScreenScroll */;
			targetProxy = AE1989CD1A60476400AAA938 /* PBXContainerItemProxy */;
		};
/* End PBXTargetDependency section */

/* Begin PBXVariantGroup section */
		AE1989C01A60476400AAA938 /* Main.storyboard */ = {
			isa = PBXVariantGroup;
			children = (
				AE1989C11A60476400AAA938 /* Base */,
			);
			name = Main.storyboard;
			sourceTree = "<group>";
		};
		AE1989C51A60476400AAA938 /* LaunchScreen.xib */ = {
			isa = PBXVariantGroup;
			children = (
				AE1989C61A60476400AAA938 /* Base */,
			);
			name = LaunchScreen.xib;
			sourceTree = "<group>";
		};
/* End PBXVariantGroup section */

/* Begin XCBuildConfiguration section */
		AE1989D41A60476400AAA938 /* Debug */ = {
			isa = XCBuildConfiguration;
			buildSettings = {
				ALWAYS_SEARCH_USER_PATHS = NO;
				CLANG_CXX_LANGUAGE_STANDARD = "gnu++0x";
				CLANG_CXX_LIBRARY = "libc++";
				CLANG_ENABLE_MODULES = YES;
				CLANG_ENABLE_OBJC_ARC = YES;
				CLANG_WARN_BOOL_CONVERSION = YES;
				CLANG_WARN_CONSTANT_CONVERSION = YES;
				CLANG_WARN_DIRECT_OBJC_ISA_USAGE = YES_ERROR;
				CLANG_WARN_EMPTY_BODY = YES;
				CLANG_WARN_ENUM_CONVERSION = YES;
				CLANG_WARN_INT_CONVERSION = YES;
				CLANG_WARN_OBJC_ROOT_CLASS = YES_ERROR;
				CLANG_WARN_UNREACHABLE_CODE = YES;
				CLANG_WARN__DUPLICATE_METHOD_MATCH = YES;
				"CODE_SIGN_IDENTITY[sdk=iphoneos*]" = "iPhone Developer";
				COPY_PHASE_STRIP = NO;
				ENABLE_STRICT_OBJC_MSGSEND = YES;
				GCC_C_LANGUAGE_STANDARD = gnu99;
				GCC_DYNAMIC_NO_PIC = NO;
				GCC_OPTIMIZATION_LEVEL = 0;
				GCC_PREPROCESSOR_DEFINITIONS = (
					"DEBUG=1",
					"$(inherited)",
				);
				GCC_SYMBOLS_PRIVATE_EXTERN = NO;
				GCC_WARN_64_TO_32_BIT_CONVERSION = YES;
				GCC_WARN_ABOUT_RETURN_TYPE = YES_ERROR;
				GCC_WARN_UNDECLARED_SELECTOR = YES;
				GCC_WARN_UNINITIALIZED_AUTOS = YES_AGGRESSIVE;
				GCC_WARN_UNUSED_FUNCTION = YES;
				GCC_WARN_UNUSED_VARIABLE = YES;
				IPHONEOS_DEPLOYMENT_TARGET = 8.1;
				MTL_ENABLE_DEBUG_INFO = YES;
				ONLY_ACTIVE_ARCH = YES;
				SDKROOT = iphoneos;
				SWIFT_OPTIMIZATION_LEVEL = "-Onone";
			};
			name = Debug;
		};
		AE1989D51A60476400AAA938 /* Release */ = {
			isa = XCBuildConfiguration;
			buildSettings = {
				ALWAYS_SEARCH_USER_PATHS = NO;
				CLANG_CXX_LANGUAGE_STANDARD = "gnu++0x";
				CLANG_CXX_LIBRARY = "libc++";
				CLANG_ENABLE_MODULES = YES;
				CLANG_ENABLE_OBJC_ARC = YES;
				CLANG_WARN_BOOL_CONVERSION = YES;
				CLANG_WARN_CONSTANT_CONVERSION = YES;
				CLANG_WARN_DIRECT_OBJC_ISA_USAGE = YES_ERROR;
				CLANG_WARN_EMPTY_BODY = YES;
				CLANG_WARN_ENUM_CONVERSION = YES;
				CLANG_WARN_INT_CONVERSION = YES;
				CLANG_WARN_OBJC_ROOT_CLASS = YES_ERROR;
				CLANG_WARN_UNREACHABLE_CODE = YES;
				CLANG_WARN__DUPLICATE_METHOD_MATCH = YES;
				"CODE_SIGN_IDENTITY[sdk=iphoneos*]" = "iPhone Developer";
				COPY_PHASE_STRIP = YES;
				ENABLE_NS_ASSERTIONS = NO;
				ENABLE_STRICT_OBJC_MSGSEND = YES;
				GCC_C_LANGUAGE_STANDARD = gnu99;
				GCC_WARN_64_TO_32_BIT_CONVERSION = YES;
				GCC_WARN_ABOUT_RETURN_TYPE = YES_ERROR;
				GCC_WARN_UNDECLARED_SELECTOR = YES;
				GCC_WARN_UNINITIALIZED_AUTOS = YES_AGGRESSIVE;
				GCC_WARN_UNUSED_FUNCTION = YES;
				GCC_WARN_UNUSED_VARIABLE = YES;
				IPHONEOS_DEPLOYMENT_TARGET = 8.1;
				MTL_ENABLE_DEBUG_INFO = NO;
				SDKROOT = iphoneos;
				VALIDATE_PRODUCT = YES;
			};
			name = Release;
		};
		AE1989D71A60476400AAA938 /* Debug */ = {
			isa = XCBuildConfiguration;
			buildSettings = {
				ASSETCATALOG_COMPILER_APPICON_NAME = AppIcon;
				INFOPLIST_FILE = BlogSplitScreenScroll/Info.plist;
				LD_RUNPATH_SEARCH_PATHS = "$(inherited) @executable_path/Frameworks";
				PRODUCT_NAME = "$(TARGET_NAME)";
			};
			name = Debug;
		};
		AE1989D81A60476400AAA938 /* Release */ = {
			isa = XCBuildConfiguration;
			buildSettings = {
				ASSETCATALOG_COMPILER_APPICON_NAME = AppIcon;
				INFOPLIST_FILE = BlogSplitScreenScroll/Info.plist;
				LD_RUNPATH_SEARCH_PATHS = "$(inherited) @executable_path/Frameworks";
				PRODUCT_NAME = "$(TARGET_NAME)";
			};
			name = Release;
		};
		AE1989DA1A60476400AAA938 /* Debug */ = {
			isa = XCBuildConfiguration;
			buildSettings = {
				BUNDLE_LOADER = "$(TEST_HOST)";
				FRAMEWORK_SEARCH_PATHS = (
					"$(SDKROOT)/Developer/Library/Frameworks",
					"$(inherited)",
				);
				GCC_PREPROCESSOR_DEFINITIONS = (
					"DEBUG=1",
					"$(inherited)",
				);
				INFOPLIST_FILE = BlogSplitScreenScrollTests/Info.plist;
				LD_RUNPATH_SEARCH_PATHS = "$(inherited) @executable_path/Frameworks @loader_path/Frameworks";
				PRODUCT_NAME = "$(TARGET_NAME)";
				TEST_HOST = "$(BUILT_PRODUCTS_DIR)/BlogSplitScreenScroll.app/BlogSplitScreenScroll";
			};
			name = Debug;
		};
		AE1989DB1A60476400AAA938 /* Release */ = {
			isa = XCBuildConfiguration;
			buildSettings = {
				BUNDLE_LOADER = "$(TEST_HOST)";
				FRAMEWORK_SEARCH_PATHS = (
					"$(SDKROOT)/Developer/Library/Frameworks",
					"$(inherited)",
				);
				INFOPLIST_FILE = BlogSplitScreenScrollTests/Info.plist;
				LD_RUNPATH_SEARCH_PATHS = "$(inherited) @executable_path/Frameworks @loader_path/Frameworks";
				PRODUCT_NAME = "$(TARGET_NAME)";
				TEST_HOST = "$(BUILT_PRODUCTS_DIR)/BlogSplitScreenScroll.app/BlogSplitScreenScroll";
			};
			name = Release;
		};
/* End XCBuildConfiguration section */

/* Begin XCConfigurationList section */
		AE1989B21A60476400AAA938 /* Build configuration list for PBXProject "BlogSplitScreenScroll" */ = {
			isa = XCConfigurationList;
			buildConfigurations = (
				AE1989D41A60476400AAA938 /* Debug */,
				AE1989D51A60476400AAA938 /* Release */,
			);
			defaultConfigurationIsVisible = 0;
			defaultConfigurationName = Release;
		};
		AE1989D61A60476400AAA938 /* Build configuration list for PBXNativeTarget "BlogSplitScreenScroll" */ = {
			isa = XCConfigurationList;
			buildConfigurations = (
				AE1989D71A60476400AAA938 /* Debug */,
				AE1989D81A60476400AAA938 /* Release */,
			);
			defaultConfigurationIsVisible = 0;
		};
		AE1989D91A60476400AAA938 /* Build configuration list for PBXNativeTarget "BlogSplitScreenScrollTests" */ = {
			isa = XCConfigurationList;
			buildConfigurations = (
				AE1989DA1A60476400AAA938 /* Debug */,
				AE1989DB1A60476400AAA938 /* Release */,
			);
			defaultConfigurationIsVisible = 0;
		};
/* End XCConfigurationList section */
	};
	rootObject = AE1989AF1A60476400AAA938 /* Project object */;
}
